# This file was autogenerated by Stack.
# You should not edit this file by hand.
# For more information, please see the documentation at:
#   https://docs.haskellstack.org/en/stable/lock_files

packages:
- completed:
    hackage: aeson-injector-1.1.2.0@sha256:2220abadf41f42d7ff1a8671560f12280c5066d9462d2d8cecc5f7136e55024b,1695
    pantry-tree:
      size: 445
      sha256: 509263d26ec21f80a12965b52a5050bddcb68c094261f0f9b9e794aa2e485c8a
  original:
    hackage: aeson-injector-1.1.2.0
- completed:
    hackage: raven-haskell-0.1.2.1@sha256:59ab0300183a599650ed5761e3e984ff2934afe1ce6d924d1064876cac90275d,1255
    pantry-tree:
      size: 632
      sha256: 8c37e6109aa0314832aba4be962e0c140c4d45920b9d135d88bacfc762079ff5
  original:
    hackage: raven-haskell-0.1.2.1
- completed:
    hackage: jsaddle-0.9.6.0@sha256:03b3792794759587c69dd93c79a3f743e0b4032a3617c38f7841f8e16327e013,4379
    pantry-tree:
      size: 4329
      sha256: 85e8e47983eaf44959614ff6642f009709388590bf39c61090daf6497ed63c5f
  original:
    hackage: jsaddle-0.9.6.0
- completed:
    hackage: jsaddle-warp-0.9.6.0@sha256:d84550439a50ab058f049beb0dac567a86eb4b09552ec242f1c57b3a16ab68bc,2710
    pantry-tree:
      size: 475
      sha256: 6ed1686e8dc644064c1668bbbeaea97b974499b172eb77e670c6389b78a40fda
  original:
    hackage: jsaddle-warp-0.9.6.0
- completed:
    hackage: jsaddle-dom-0.9.3.2@sha256:a50147c183fc3c44ae209ecbbf58bc99e3205aa87372d0635d56e775d9c2186e,75688
    pantry-tree:
      size: 48227
      sha256: 2aa625df7fba42afbe99245661f0b8c0f166d77ddfcca09d664ede406b291c3d
  original:
    hackage: jsaddle-dom-0.9.3.2
- completed:
    hackage: ref-tf-0.4.0.2@sha256:69de3550250e0cd69f45d080359cb314a9487c915024349c75b78732bbee9332,1134
    pantry-tree:
      size: 211
      sha256: fc5a4a35b4c782a33f452c1dc66ffa8ddbf321e2db369bd8823c796f0d4d8c7f
  original:
    hackage: ref-tf-0.4.0.2
- completed:
    cabal-file:
      size: 2799
      sha256: 6ca4cc6c89834bb79eb9f15b504774043b5b3994336bd86a9d79e59da6d54963
    name: hasql-migration
    version: 0.3.0
    git: https://github.com/tvh/hasql-migration
    pantry-tree:
      size: 689
      sha256: 70342dc8dc7d388695d33793d6147cce80de6af54583f4916f4c250686fc249d
    commit: 58c90f7c5c0e829708c35db9d2c8bc47e86621eb
  original:
    git: https://github.com/tvh/hasql-migration
    commit: 58c90f7c5c0e829708c35db9d2c8bc47e86621eb
- completed:
    cabal-file:
      size: 996
      sha256: 329ac4505b3d0971d3c49648fc2e9f8f69a1e315cafed319c1530d77657563c0
    name: miso-spa
    version: '0.1'
    git: https://github.com/DoctorRyner/miso-spa
    pantry-tree:
      size: 554
      sha256: 0177a6a871d04b08109a6b556421fac6925d47562850aea8552d04b6afb4025a
    commit: 8553fe0f789960f2f41950520a12f333c7b22493
  original:
    git: https://github.com/DoctorRyner/miso-spa
    commit: 8553fe0f789960f2f41950520a12f333c7b22493
- completed:
    cabal-file:
      size: 782
      sha256: 8565537bd4a081bc280562d17f458bce8be1be8ca52790ca8474ee27e751f286
    name: miso-styled
    version: '0.1'
    git: https://github.com/DoctorRyner/miso-styled
    pantry-tree:
      size: 314
      sha256: 68d5f1e71947311ffffd936379cacc08ce2abd8f9d7a91f7967360aabbda7060
    commit: 41b8627d4cfeb50c1d50cb2dc7d64cc44ef35cf4
  original:
    git: https://github.com/DoctorRyner/miso-styled
    commit: 41b8627d4cfeb50c1d50cb2dc7d64cc44ef35cf4
- completed:
    cabal-file:
      size: 739
      sha256: f94dc350c0b91ace25d341add94b1234f561315b10b350796feeda11a59a37e4
    name: miso-http
    version: 0.0.0
    git: https://github.com/DoctorRyner/miso-http
    pantry-tree:
      size: 314
      sha256: a56b81821a9b41a8f2acdc7e9610faccf5c0264cb087a72a25bfbcc4633f9b17
    commit: ca7d070fabb1656137c4abe9d2d7234ca605bdf5
  original:
    git: https://github.com/DoctorRyner/miso-http
    commit: ca7d070fabb1656137c4abe9d2d7234ca605bdf5
snapshots:
- completed:
    size: 525876
    url: https://raw.githubusercontent.com/commercialhaskell/stackage-snapshots/master/lts/14/13.yaml
    sha256: 4a0e79eb194c937cc2a1852ff84d983c63ac348dc6bad5f38d20cab697036eef
  original: lts-14.13
